
Microsoft Visual Studio Solution File, Format Version 12.00
# Visual Studio 15
VisualStudioVersion = 15.0.27428.2005
MinimumVisualStudioVersion = 10.0.40219.1
Project("{151D2E53-A2C4-4D7D-83FE-D05416EBD58E}") = "DeviceSimulation.Deployment", "DeviceSimulation.Deployment\DeviceSimulation.Deployment.deployproj", "{09693A18-1CD6-4097-A6A9-7528A50671C7}"
EndProject
Global
	GlobalSection(SolutionConfigurationPlatforms) = preSolution
		Debug|Any CPU = Debug|Any CPU
		Release|Any CPU = Release|Any CPU
	EndGlobalSection
	GlobalSection(ProjectConfigurationPlatforms) = postSolution
		{09693A18-1CD6-4097-A6A9-7528A50671C7}.Debug|Any CPU.ActiveCfg = Debug|Any CPU
		{09693A18-1CD6-4097-A6A9-7528A50671C7}.Debug|Any CPU.Build.0 = Debug|Any CPU
		{09693A18-1CD6-4097-A6A9-7528A50671C7}.Release|Any CPU.ActiveCfg = Release|Any CPU
		{09693A18-1CD6-4097-A6A9-7528A50671C7}.Release|Any CPU.Build.0 = Release|Any CPU
	EndGlobalSection
	GlobalSection(SolutionProperties) = preSolution
		HideSolutionNode = FALSE
	EndGlobalSection
	GlobalSection(ExtensibilityGlobals) = postSolution
		SolutionGuid = {D4188AB5-9241-4548-897C-82FE68453DA7}
	EndGlobalSection
EndGlobal
